
Microsoft Visual Studio Solution File, Format Version 12.00
# Visual Studio Version 17
VisualStudioVersion = 17.14.36915.13 d17.14
MinimumVisualStudioVersion = 10.0.40219.1
Project("{FAE04EC0-301F-11D3-BF4B-00C04F79EFBC}") = "CybersecurityBot_Part3", "CybersecurityBot_Part3.csproj", "{FBE9D372-D1BE-48E4-A992-5A1F13929191}"
EndProject
Global
	GlobalSection(SolutionConfigurationPlatforms) = preSolution
		Debug|Any CPU = Debug|Any CPU
		Release|Any CPU = Release|Any CPU
	EndGlobalSection
	GlobalSection(ProjectConfigurationPlatforms) = postSolution
		{FBE9D372-D1BE-48E4-A992-5A1F13929191}.Debug|Any CPU.ActiveCfg = Debug|Any CPU
		{FBE9D372-D1BE-48E4-A992-5A1F13929191}.Debug|Any CPU.Build.0 = Debug|Any CPU
		{FBE9D372-D1BE-48E4-A992-5A1F13929191}.Release|Any CPU.ActiveCfg = Release|Any CPU
		{FBE9D372-D1BE-48E4-A992-5A1F13929191}.Release|Any CPU.Build.0 = Release|Any CPU
	EndGlobalSection
	GlobalSection(SolutionProperties) = preSolution
		HideSolutionNode = FALSE
	EndGlobalSection
	GlobalSection(ExtensibilityGlobals) = postSolution
		SolutionGuid = {C0F82A4D-D546-4A2F-8691-FBD9BDBA238E}
	EndGlobalSection
EndGlobal
